// !$*UTF8*$!
{
	archiveVersion = 1;
	classes = {
	};
	objectVersion = 55;
	objects = {

/* Begin PBXBuildFile section */
		B887BFD62C18159D00187EC0 /* TransactionAppApp.swift in Sources */ = {isa = PBXBuildFile; fileRef = B887BFD52C18159D00187EC0 /* TransactionAppApp.swift */; };
		B887BFD82C18159D00187EC0 /* ContentView.swift in Sources */ = {isa = PBXBuildFile; fileRef = B887BFD72C18159D00187EC0 /* ContentView.swift */; };
		B887BFDA2C18159F00187EC0 /* Assets.xcassets in Resources */ = {isa = PBXBuildFile; fileRef = B887BFD92C18159F00187EC0 /* Assets.xcassets */; };
		B887BFDD2C18159F00187EC0 /* Preview Assets.xcassets in Resources */ = {isa = PBXBuildFile; fileRef = B887BFDC2C18159F00187EC0 /* Preview Assets.xcassets */; };
		B887BFE72C18159F00187EC0 /* TransactionAppTests.swift in Sources */ = {isa = PBXBuildFile; fileRef = B887BFE62C18159F00187EC0 /* TransactionAppTests.swift */; };
		B887BFF12C18159F00187EC0 /* TransactionAppUITests.swift in Sources */ = {isa = PBXBuildFile; fileRef = B887BFF02C18159F00187EC0 /* TransactionAppUITests.swift */; };
		B887BFF32C18159F00187EC0 /* TransactionAppUITestsLaunchTests.swift in Sources */ = {isa = PBXBuildFile; fileRef = B887BFF22C18159F00187EC0 /* TransactionAppUITestsLaunchTests.swift */; };
		B887C0002C18170B00187EC0 /* Transaction.swift in Sources */ = {isa = PBXBuildFile; fileRef = B887BFFF2C18170B00187EC0 /* Transaction.swift */; };
		B887C0022C18172900187EC0 /* TransactionStore.swift in Sources */ = {isa = PBXBuildFile; fileRef = B887C0012C18172800187EC0 /* TransactionStore.swift */; };
		B887C0042C18175900187EC0 /* TransactionListView.swift in Sources */ = {isa = PBXBuildFile; fileRef = B887C0032C18175900187EC0 /* TransactionListView.swift */; };
		B887C0062C18177B00187EC0 /* TransactionRow.swift in Sources */ = {isa = PBXBuildFile; fileRef = B887C0052C18177B00187EC0 /* TransactionRow.swift */; };
		B887C0082C18179500187EC0 /* DashboardView.swift in Sources */ = {isa = PBXBuildFile; fileRef = B887C0072C18179500187EC0 /* DashboardView.swift */; };
		B887C00A2C18180A00187EC0 /* TransactionFormView.swift in Sources */ = {isa = PBXBuildFile; fileRef = B887C0092C18180A00187EC0 /* TransactionFormView.swift */; };
/* End PBXBuildFile section */

/* Begin PBXContainerItemProxy section */
		B887BFE32C18159F00187EC0 /* PBXContainerItemProxy */ = {
			isa = PBXContainerItemProxy;
			containerPortal = B887BFCA2C18159D00187EC0 /* Project object */;
			proxyType = 1;
			remoteGlobalIDString = B887BFD12C18159D00187EC0;
			remoteInfo = TransactionApp;
		};
		B887BFED2C18159F00187EC0 /* PBXContainerItemProxy */ = {
			isa = PBXContainerItemProxy;
			containerPortal = B887BFCA2C18159D00187EC0 /* Project object */;
			proxyType = 1;
			remoteGlobalIDString = B887BFD12C18159D00187EC0;
			remoteInfo = TransactionApp;
		};
/* End PBXContainerItemProxy section */

/* Begin PBXFileReference section */
		B887BFD22C18159D00187EC0 /* TransactionApp.app */ = {isa = PBXFileReference; explicitFileType = wrapper.application; includeInIndex = 0; path = TransactionApp.app; sourceTree = BUILT_PRODUCTS_DIR; };
		B887BFD52C18159D00187EC0 /* TransactionAppApp.swift */ = {isa = PBXFileReference; lastKnownFileType = sourcecode.swift; path = TransactionAppApp.swift; sourceTree = "<group>"; };
		B887BFD72C18159D00187EC0 /* ContentView.swift */ = {isa = PBXFileReference; lastKnownFileType = sourcecode.swift; path = ContentView.swift; sourceTree = "<group>"; };
		B887BFD92C18159F00187EC0 /* Assets.xcassets */ = {isa = PBXFileReference; lastKnownFileType = folder.assetcatalog; path = Assets.xcassets; sourceTree = "<group>"; };
		B887BFDC2C18159F00187EC0 /* Preview Assets.xcassets */ = {isa = PBXFileReference; lastKnownFileType = folder.assetcatalog; path = "Preview Assets.xcassets"; sourceTree = "<group>"; };
		B887BFE22C18159F00187EC0 /* TransactionAppTests.xctest */ = {isa = PBXFileReference; explicitFileType = wrapper.cfbundle; includeInIndex = 0; path = TransactionAppTests.xctest; sourceTree = BUILT_PRODUCTS_DIR; };
		B887BFE62C18159F00187EC0 /* TransactionAppTests.swift */ = {isa = PBXFileReference; lastKnownFileType = sourcecode.swift; path = TransactionAppTests.swift; sourceTree = "<group>"; };
		B887BFEC2C18159F00187EC0 /* TransactionAppUITests.xctest */ = {isa = PBXFileReference; explicitFileType = wrapper.cfbundle; includeInIndex = 0; path = TransactionAppUITests.xctest; sourceTree = BUILT_PRODUCTS_DIR; };
		B887BFF02C18159F00187EC0 /* TransactionAppUITests.swift */ = {isa = PBXFileReference; lastKnownFileType = sourcecode.swift; path = TransactionAppUITests.swift; sourceTree = "<group>"; };
		B887BFF22C18159F00187EC0 /* TransactionAppUITestsLaunchTests.swift */ = {isa = PBXFileReference; lastKnownFileType = sourcecode.swift; path = TransactionAppUITestsLaunchTests.swift; sourceTree = "<group>"; };
		B887BFFF2C18170B00187EC0 /* Transaction.swift */ = {isa = PBXFileReference; lastKnownFileType = sourcecode.swift; path = Transaction.swift; sourceTree = "<group>"; };
		B887C0012C18172800187EC0 /* TransactionStore.swift */ = {isa = PBXFileReference; lastKnownFileType = sourcecode.swift; path = TransactionStore.swift; sourceTree = "<group>"; };
		B887C0032C18175900187EC0 /* TransactionListView.swift */ = {isa = PBXFileReference; lastKnownFileType = sourcecode.swift; path = TransactionListView.swift; sourceTree = "<group>"; };
		B887C0052C18177B00187EC0 /* TransactionRow.swift */ = {isa = PBXFileReference; lastKnownFileType = sourcecode.swift; path = TransactionRow.swift; sourceTree = "<group>"; };
		B887C0072C18179500187EC0 /* DashboardView.swift */ = {isa = PBXFileReference; lastKnownFileType = sourcecode.swift; path = DashboardView.swift; sourceTree = "<group>"; };
		B887C0092C18180A00187EC0 /* TransactionFormView.swift */ = {isa = PBXFileReference; lastKnownFileType = sourcecode.swift; path = TransactionFormView.swift; sourceTree = "<group>"; };
/* End PBXFileReference section */

/* Begin PBXFrameworksBuildPhase section */
		B887BFCF2C18159D00187EC0 /* Frameworks */ = {
			isa = PBXFrameworksBuildPhase;
			buildActionMask = 2147483647;
			files = (
			);
			runOnlyForDeploymentPostprocessing = 0;
		};
		B887BFDF2C18159F00187EC0 /* Frameworks */ = {
			isa = PBXFrameworksBuildPhase;
			buildActionMask = 2147483647;
			files = (
			);
			runOnlyForDeploymentPostprocessing = 0;
		};
		B887BFE92C18159F00187EC0 /* Frameworks */ = {
			isa = PBXFrameworksBuildPhase;
			buildActionMask = 2147483647;
			files = (
			);
			runOnlyForDeploymentPostprocessing = 0;
		};
/* End PBXFrameworksBuildPhase section */

/* Begin PBXGroup section */
		B887BFC92C18159D00187EC0 = {
			isa = PBXGroup;
			children = (
				B887BFD42C18159D00187EC0 /* TransactionApp */,
				B887BFE52C18159F00187EC0 /* TransactionAppTests */,
				B887BFEF2C18159F00187EC0 /* TransactionAppUITests */,
				B887BFD32C18159D00187EC0 /* Products */,
			);
			sourceTree = "<group>";
		};
		B887BFD32C18159D00187EC0 /* Products */ = {
			isa = PBXGroup;
			children = (
				B887BFD22C18159D00187EC0 /* TransactionApp.app */,
				B887BFE22C18159F00187EC0 /* TransactionAppTests.xctest */,
				B887BFEC2C18159F00187EC0 /* TransactionAppUITests.xctest */,
			);
			name = Products;
			sourceTree = "<group>";
		};
		B887BFD42C18159D00187EC0 /* TransactionApp */ = {
			isa = PBXGroup;
			children = (
				B887BFD52C18159D00187EC0 /* TransactionAppApp.swift */,
				B887C0012C18172800187EC0 /* TransactionStore.swift */,
				B887BFFF2C18170B00187EC0 /* Transaction.swift */,
				B887BFD72C18159D00187EC0 /* ContentView.swift */,
				B887BFD92C18159F00187EC0 /* Assets.xcassets */,
				B887BFDB2C18159F00187EC0 /* Preview Content */,
			);
			path = TransactionApp;
			sourceTree = "<group>";
		};
		B887BFDB2C18159F00187EC0 /* Preview Content */ = {
			isa = PBXGroup;
			children = (
				B887BFDC2C18159F00187EC0 /* Preview Assets.xcassets */,
				B887C0032C18175900187EC0 /* TransactionListView.swift */,
				B887C0052C18177B00187EC0 /* TransactionRow.swift */,
				B887C0072C18179500187EC0 /* DashboardView.swift */,
				B887C0092C18180A00187EC0 /* TransactionFormView.swift */,
			);
			path = "Preview Content";
			sourceTree = "<group>";
		};
		B887BFE52C18159F00187EC0 /* TransactionAppTests */ = {
			isa = PBXGroup;
			children = (
				B887BFE62C18159F00187EC0 /* TransactionAppTests.swift */,
			);
			path = TransactionAppTests;
			sourceTree = "<group>";
		};
		B887BFEF2C18159F00187EC0 /* TransactionAppUITests */ = {
			isa = PBXGroup;
			children = (
				B887BFF02C18159F00187EC0 /* TransactionAppUITests.swift */,
				B887BFF22C18159F00187EC0 /* TransactionAppUITestsLaunchTests.swift */,
			);
			path = TransactionAppUITests;
			sourceTree = "<group>";
		};
/* End PBXGroup section */

/* Begin PBXNativeTarget section */
		B887BFD12C18159D00187EC0 /* TransactionApp */ = {
			isa = PBXNativeTarget;
			buildConfigurationList = B887BFF62C18159F00187EC0 /* Build configuration list for PBXNativeTarget "TransactionApp" */;
			buildPhases = (
				B887BFCE2C18159D00187EC0 /* Sources */,
				B887BFCF2C18159D00187EC0 /* Frameworks */,
				B887BFD02C18159D00187EC0 /* Resources */,
			);
			buildRules = (
			);
			dependencies = (
			);
			name = TransactionApp;
			productName = TransactionApp;
			productReference = B887BFD22C18159D00187EC0 /* TransactionApp.app */;
			productType = "com.apple.product-type.application";
		};
		B887BFE12C18159F00187EC0 /* TransactionAppTests */ = {
			isa = PBXNativeTarget;
			buildConfigurationList = B887BFF92C18159F00187EC0 /* Build configuration list for PBXNativeTarget "TransactionAppTests" */;
			buildPhases = (
				B887BFDE2C18159F00187EC0 /* Sources */,
				B887BFDF2C18159F00187EC0 /* Frameworks */,
				B887BFE02C18159F00187EC0 /* Resources */,
			);
			buildRules = (
			);
			dependencies = (
				B887BFE42C18159F00187EC0 /* PBXTargetDependency */,
			);
			name = TransactionAppTests;
			productName = TransactionAppTests;
			productReference = B887BFE22C18159F00187EC0 /* TransactionAppTests.xctest */;
			productType = "com.apple.product-type.bundle.unit-test";
		};
		B887BFEB2C18159F00187EC0 /* TransactionAppUITests */ = {
			isa = PBXNativeTarget;
			buildConfigurationList = B887BFFC2C18159F00187EC0 /* Build configuration list for PBXNativeTarget "TransactionAppUITests" */;
			buildPhases = (
				B887BFE82C18159F00187EC0 /* Sources */,
				B887BFE92C18159F00187EC0 /* Frameworks */,
				B887BFEA2C18159F00187EC0 /* Resources */,
			);
			buildRules = (
			);
			dependencies = (
				B887BFEE2C18159F00187EC0 /* PBXTargetDependency */,
			);
			name = TransactionAppUITests;
			productName = TransactionAppUITests;
			productReference = B887BFEC2C18159F00187EC0 /* TransactionAppUITests.xctest */;
			productType = "com.apple.product-type.bundle.ui-testing";
		};
/* End PBXNativeTarget section */

/* Begin PBXProject section */
		B887BFCA2C18159D00187EC0 /* Project object */ = {
			isa = PBXProject;
			attributes = {
				BuildIndependentTargetsInParallel = 1;
				LastSwiftUpdateCheck = 1320;
				LastUpgradeCheck = 1320;
				TargetAttributes = {
					B887BFD12C18159D00187EC0 = {
						CreatedOnToolsVersion = 13.2;
					};
					B887BFE12C18159F00187EC0 = {
						CreatedOnToolsVersion = 13.2;
						TestTargetID = B887BFD12C18159D00187EC0;
					};
					B887BFEB2C18159F00187EC0 = {
						CreatedOnToolsVersion = 13.2;
						TestTargetID = B887BFD12C18159D00187EC0;
					};
				};
			};
			buildConfigurationList = B887BFCD2C18159D00187EC0 /* Build configuration list for PBXProject "TransactionApp" */;
			compatibilityVersion = "Xcode 13.0";
			developmentRegion = en;
			hasScannedForEncodings = 0;
			knownRegions = (
				en,
				Base,
			);
			mainGroup = B887BFC92C18159D00187EC0;
			productRefGroup = B887BFD32C18159D00187EC0 /* Products */;
			projectDirPath = "";
			projectRoot = "";
			targets = (
				B887BFD12C18159D00187EC0 /* TransactionApp */,
				B887BFE12C18159F00187EC0 /* TransactionAppTests */,
				B887BFEB2C18159F00187EC0 /* TransactionAppUITests */,
			);
		};
/* End PBXProject section */

/* Begin PBXResourcesBuildPhase section */
		B887BFD02C18159D00187EC0 /* Resources */ = {
			isa = PBXResourcesBuildPhase;
			buildActionMask = 2147483647;
			files = (
				B887BFDD2C18159F00187EC0 /* Preview Assets.xcassets in Resources */,
				B887BFDA2C18159F00187EC0 /* Assets.xcassets in Resources */,
			);
			runOnlyForDeploymentPostprocessing = 0;
		};
		B887BFE02C18159F00187EC0 /* Resources */ = {
			isa = PBXResourcesBuildPhase;
			buildActionMask = 2147483647;
			files = (
			);
			runOnlyForDeploymentPostprocessing = 0;
		};
		B887BFEA2C18159F00187EC0 /* Resources */ = {
			isa = PBXResourcesBuildPhase;
			buildActionMask = 2147483647;
			files = (
			);
			runOnlyForDeploymentPostprocessing = 0;
		};
/* End PBXResourcesBuildPhase section */

/* Begin PBXSourcesBuildPhase section */
		B887BFCE2C18159D00187EC0 /* Sources */ = {
			isa = PBXSourcesBuildPhase;
			buildActionMask = 2147483647;
			files = (
				B887C0022C18172900187EC0 /* TransactionStore.swift in Sources */,
				B887C00A2C18180A00187EC0 /* TransactionFormView.swift in Sources */,
				B887BFD82C18159D00187EC0 /* ContentView.swift in Sources */,
				B887C0042C18175900187EC0 /* TransactionListView.swift in Sources */,
				B887C0082C18179500187EC0 /* DashboardView.swift in Sources */,
				B887C0062C18177B00187EC0 /* TransactionRow.swift in Sources */,
				B887BFD62C18159D00187EC0 /* TransactionAppApp.swift in Sources */,
				B887C0002C18170B00187EC0 /* Transaction.swift in Sources */,
			);
			runOnlyForDeploymentPostprocessing = 0;
		};
		B887BFDE2C18159F00187EC0 /* Sources */ = {
			isa = PBXSourcesBuildPhase;
			buildActionMask = 2147483647;
			files = (
				B887BFE72C18159F00187EC0 /* TransactionAppTests.swift in Sources */,
			);
			runOnlyForDeploymentPostprocessing = 0;
		};
		B887BFE82C18159F00187EC0 /* Sources */ = {
			isa = PBXSourcesBuildPhase;
			buildActionMask = 2147483647;
			files = (
				B887BFF12C18159F00187EC0 /* TransactionAppUITests.swift in Sources */,
				B887BFF32C18159F00187EC0 /* TransactionAppUITestsLaunchTests.swift in Sources */,
			);
			runOnlyForDeploymentPostprocessing = 0;
		};
/* End PBXSourcesBuildPhase section */

/* Begin PBXTargetDependency section */
		B887BFE42C18159F00187EC0 /* PBXTargetDependency */ = {
			isa = PBXTargetDependency;
			target = B887BFD12C18159D00187EC0 /* TransactionApp */;
			targetProxy = B887BFE32C18159F00187EC0 /* PBXContainerItemProxy */;
		};
		B887BFEE2C18159F00187EC0 /* PBXTargetDependency */ = {
			isa = PBXTargetDependency;
			target = B887BFD12C18159D00187EC0 /* TransactionApp */;
			targetProxy = B887BFED2C18159F00187EC0 /* PBXContainerItemProxy */;
		};
/* End PBXTargetDependency section */

/* Begin XCBuildConfiguration section */
		B887BFF42C18159F00187EC0 /* Debug */ = {
			isa = XCBuildConfiguration;
			buildSettings = {
				ALWAYS_SEARCH_USER_PATHS = NO;
				CLANG_ANALYZER_NONNULL = YES;
				CLANG_ANALYZER_NUMBER_OBJECT_CONVERSION = YES_AGGRESSIVE;
				CLANG_CXX_LANGUAGE_STANDARD = "gnu++17";
				CLANG_CXX_LIBRARY = "libc++";
				CLANG_ENABLE_MODULES = YES;
				CLANG_ENABLE_OBJC_ARC = YES;
				CLANG_ENABLE_OBJC_WEAK = YES;
				CLANG_WARN_BLOCK_CAPTURE_AUTORELEASING = YES;
				CLANG_WARN_BOOL_CONVERSION = YES;
				CLANG_WARN_COMMA = YES;
				CLANG_WARN_CONSTANT_CONVERSION = YES;
				CLANG_WARN_DEPRECATED_OBJC_IMPLEMENTATIONS = YES;
				CLANG_WARN_DIRECT_OBJC_ISA_USAGE = YES_ERROR;
				CLANG_WARN_DOCUMENTATION_COMMENTS = YES;
				CLANG_WARN_EMPTY_BODY = YES;
				CLANG_WARN_ENUM_CONVERSION = YES;
				CLANG_WARN_INFINITE_RECURSION = YES;
				CLANG_WARN_INT_CONVERSION = YES;
				CLANG_WARN_NON_LITERAL_NULL_CONVERSION = YES;
				CLANG_WARN_OBJC_IMPLICIT_RETAIN_SELF = YES;
				CLANG_WARN_OBJC_LITERAL_CONVERSION = YES;
				CLANG_WARN_OBJC_ROOT_CLASS = YES_ERROR;
				CLANG_WARN_QUOTED_INCLUDE_IN_FRAMEWORK_HEADER = YES;
				CLANG_WARN_RANGE_LOOP_ANALYSIS = YES;
				CLANG_WARN_STRICT_PROTOTYPES = YES;
				CLANG_WARN_SUSPICIOUS_MOVE = YES;
				CLANG_WARN_UNGUARDED_AVAILABILITY = YES_AGGRESSIVE;
				CLANG_WARN_UNREACHABLE_CODE = YES;
				CLANG_WARN__DUPLICATE_METHOD_MATCH = YES;
				COPY_PHASE_STRIP = NO;
				DEBUG_INFORMATION_FORMAT = dwarf;
				ENABLE_STRICT_OBJC_MSGSEND = YES;
				ENABLE_TESTABILITY = YES;
				GCC_C_LANGUAGE_STANDARD = gnu11;
				GCC_DYNAMIC_NO_PIC = NO;
				GCC_NO_COMMON_BLOCKS = YES;
				GCC_OPTIMIZATION_LEVEL = 0;
				GCC_PREPROCESSOR_DEFINITIONS = (
					"DEBUG=1",
					"$(inherited)",
				);
				GCC_WARN_64_TO_32_BIT_CONVERSION = YES;
				GCC_WARN_ABOUT_RETURN_TYPE = YES_ERROR;
				GCC_WARN_UNDECLARED_SELECTOR = YES;
				GCC_WARN_UNINITIALIZED_AUTOS = YES_AGGRESSIVE;
				GCC_WARN_UNUSED_FUNCTION = YES;
				GCC_WARN_UNUSED_VARIABLE = YES;
				IPHONEOS_DEPLOYMENT_TARGET = 15.2;
				MTL_ENABLE_DEBUG_INFO = INCLUDE_SOURCE;
				MTL_FAST_MATH = YES;
				ONLY_ACTIVE_ARCH = YES;
				SDKROOT = iphoneos;
				SWIFT_ACTIVE_COMPILATION_CONDITIONS = DEBUG;
				SWIFT_OPTIMIZATION_LEVEL = "-Onone";
			};
			name = Debug;
		};
		B887BFF52C18159F00187EC0 /* Release */ = {
			isa = XCBuildConfiguration;
			buildSettings = {
				ALWAYS_SEARCH_USER_PATHS = NO;
				CLANG_ANALYZER_NONNULL = YES;
				CLANG_ANALYZER_NUMBER_OBJECT_CONVERSION = YES_AGGRESSIVE;
				CLANG_CXX_LANGUAGE_STANDARD = "gnu++17";
				CLANG_CXX_LIBRARY = "libc++";
				CLANG_ENABLE_MODULES = YES;
				CLANG_ENABLE_OBJC_ARC = YES;
				CLANG_ENABLE_OBJC_WEAK = YES;
				CLANG_WARN_BLOCK_CAPTURE_AUTORELEASING = YES;
				CLANG_WARN_BOOL_CONVERSION = YES;
				CLANG_WARN_COMMA = YES;
				CLANG_WARN_CONSTANT_CONVERSION = YES;
				CLANG_WARN_DEPRECATED_OBJC_IMPLEMENTATIONS = YES;
				CLANG_WARN_DIRECT_OBJC_ISA_USAGE = YES_ERROR;
				CLANG_WARN_DOCUMENTATION_COMMENTS = YES;
				CLANG_WARN_EMPTY_BODY = YES;
				CLANG_WARN_ENUM_CONVERSION = YES;
				CLANG_WARN_INFINITE_RECURSION = YES;
				CLANG_WARN_INT_CONVERSION = YES;
				CLANG_WARN_NON_LITERAL_NULL_CONVERSION = YES;
				CLANG_WARN_OBJC_IMPLICIT_RETAIN_SELF = YES;
				CLANG_WARN_OBJC_LITERAL_CONVERSION = YES;
				CLANG_WARN_OBJC_ROOT_CLASS = YES_ERROR;
				CLANG_WARN_QUOTED_INCLUDE_IN_FRAMEWORK_HEADER = YES;
				CLANG_WARN_RANGE_LOOP_ANALYSIS = YES;
				CLANG_WARN_STRICT_PROTOTYPES = YES;
				CLANG_WARN_SUSPICIOUS_MOVE = YES;
				CLANG_WARN_UNGUARDED_AVAILABILITY = YES_AGGRESSIVE;
				CLANG_WARN_UNREACHABLE_CODE = YES;
				CLANG_WARN__DUPLICATE_METHOD_MATCH = YES;
				COPY_PHASE_STRIP = NO;
				DEBUG_INFORMATION_FORMAT = "dwarf-with-dsym";
				ENABLE_NS_ASSERTIONS = NO;
				ENABLE_STRICT_OBJC_MSGSEND = YES;
				GCC_C_LANGUAGE_STANDARD = gnu11;
				GCC_NO_COMMON_BLOCKS = YES;
				GCC_WARN_64_TO_32_BIT_CONVERSION = YES;
				GCC_WARN_ABOUT_RETURN_TYPE = YES_ERROR;
				GCC_WARN_UNDECLARED_SELECTOR = YES;
				GCC_WARN_UNINITIALIZED_AUTOS = YES_AGGRESSIVE;
				GCC_WARN_UNUSED_FUNCTION = YES;
				GCC_WARN_UNUSED_VARIABLE = YES;
				IPHONEOS_DEPLOYMENT_TARGET = 15.2;
				MTL_ENABLE_DEBUG_INFO = NO;
				MTL_FAST_MATH = YES;
				SDKROOT = iphoneos;
				SWIFT_COMPILATION_MODE = wholemodule;
				SWIFT_OPTIMIZATION_LEVEL = "-O";
				VALIDATE_PRODUCT = YES;
			};
			name = Release;
		};
		B887BFF72C18159F00187EC0 /* Debug */ = {
			isa = XCBuildConfiguration;
			buildSettings = {
				ASSETCATALOG_COMPILER_APPICON_NAME = AppIcon;
				ASSETCATALOG_COMPILER_GLOBAL_ACCENT_COLOR_NAME = AccentColor;
				CODE_SIGN_STYLE = Automatic;
				CURRENT_PROJECT_VERSION = 1;
				DEVELOPMENT_ASSET_PATHS = "\"TransactionApp/Preview Content\"";
				ENABLE_PREVIEWS = YES;
				GENERATE_INFOPLIST_FILE = YES;
				INFOPLIST_KEY_UIApplicationSceneManifest_Generation = YES;
				INFOPLIST_KEY_UIApplicationSupportsIndirectInputEvents = YES;
				INFOPLIST_KEY_UILaunchScreen_Generation = YES;
				INFOPLIST_KEY_UISupportedInterfaceOrientations_iPad = "UIInterfaceOrientationPortrait UIInterfaceOrientationPortraitUpsideDown UIInterfaceOrientationLandscapeLeft UIInterfaceOrientationLandscapeRight";
				INFOPLIST_KEY_UISupportedInterfaceOrientations_iPhone = "UIInterfaceOrientationPortrait UIInterfaceOrientationLandscapeLeft UIInterfaceOrientationLandscapeRight";
				LD_RUNPATH_SEARCH_PATHS = (
					"$(inherited)",
					"@executable_path/Frameworks",
				);
				MARKETING_VERSION = 1.0;
				PRODUCT_BUNDLE_IDENTIFIER = test.TransactionApp;
				PRODUCT_NAME = "$(TARGET_NAME)";
				SWIFT_EMIT_LOC_STRINGS = YES;
				SWIFT_VERSION = 5.0;
				TARGETED_DEVICE_FAMILY = "1,2";
			};
			name = Debug;
		};
		B887BFF82C18159F00187EC0 /* Release */ = {
			isa = XCBuildConfiguration;
			buildSettings = {
				ASSETCATALOG_COMPILER_APPICON_NAME = AppIcon;
				ASSETCATALOG_COMPILER_GLOBAL_ACCENT_COLOR_NAME = AccentColor;
				CODE_SIGN_STYLE = Automatic;
				CURRENT_PROJECT_VERSION = 1;
				DEVELOPMENT_ASSET_PATHS = "\"TransactionApp/Preview Content\"";
				ENABLE_PREVIEWS = YES;
				GENERATE_INFOPLIST_FILE = YES;
				INFOPLIST_KEY_UIApplicationSceneManifest_Generation = YES;
				INFOPLIST_KEY_UIApplicationSupportsIndirectInputEvents = YES;
				INFOPLIST_KEY_UILaunchScreen_Generation = YES;
				INFOPLIST_KEY_UISupportedInterfaceOrientations_iPad = "UIInterfaceOrientationPortrait UIInterfaceOrientationPortraitUpsideDown UIInterfaceOrientationLandscapeLeft UIInterfaceOrientationLandscapeRight";
				INFOPLIST_KEY_UISupportedInterfaceOrientations_iPhone = "UIInterfaceOrientationPortrait UIInterfaceOrientationLandscapeLeft UIInterfaceOrientationLandscapeRight";
				LD_RUNPATH_SEARCH_PATHS = (
					"$(inherited)",
					"@executable_path/Frameworks",
				);
				MARKETING_VERSION = 1.0;
				PRODUCT_BUNDLE_IDENTIFIER = test.TransactionApp;
				PRODUCT_NAME = "$(TARGET_NAME)";
				SWIFT_EMIT_LOC_STRINGS = YES;
				SWIFT_VERSION = 5.0;
				TARGETED_DEVICE_FAMILY = "1,2";
			};
			name = Release;
		};
		B887BFFA2C18159F00187EC0 /* Debug */ = {
			isa = XCBuildConfiguration;
			buildSettings = {
				ALWAYS_EMBED_SWIFT_STANDARD_LIBRARIES = YES;
				BUNDLE_LOADER = "$(TEST_HOST)";
				CODE_SIGN_STYLE = Automatic;
				CURRENT_PROJECT_VERSION = 1;
				GENERATE_INFOPLIST_FILE = YES;
				IPHONEOS_DEPLOYMENT_TARGET = 15.2;
				MARKETING_VERSION = 1.0;
				PRODUCT_BUNDLE_IDENTIFIER = test.TransactionAppTests;
				PRODUCT_NAME = "$(TARGET_NAME)";
				SWIFT_EMIT_LOC_STRINGS = NO;
				SWIFT_VERSION = 5.0;
				TARGETED_DEVICE_FAMILY = "1,2";
				TEST_HOST = "$(BUILT_PRODUCTS_DIR)/TransactionApp.app/TransactionApp";
			};
			name = Debug;
		};
		B887BFFB2C18159F00187EC0 /* Release */ = {
			isa = XCBuildConfiguration;
			buildSettings = {
				ALWAYS_EMBED_SWIFT_STANDARD_LIBRARIES = YES;
				BUNDLE_LOADER = "$(TEST_HOST)";
				CODE_SIGN_STYLE = Automatic;
				CURRENT_PROJECT_VERSION = 1;
				GENERATE_INFOPLIST_FILE = YES;
				IPHONEOS_DEPLOYMENT_TARGET = 15.2;
				MARKETING_VERSION = 1.0;
				PRODUCT_BUNDLE_IDENTIFIER = test.TransactionAppTests;
				PRODUCT_NAME = "$(TARGET_NAME)";
				SWIFT_EMIT_LOC_STRINGS = NO;
				SWIFT_VERSION = 5.0;
				TARGETED_DEVICE_FAMILY = "1,2";
				TEST_HOST = "$(BUILT_PRODUCTS_DIR)/TransactionApp.app/TransactionApp";
			};
			name = Release;
		};
		B887BFFD2C18159F00187EC0 /* Debug */ = {
			isa = XCBuildConfiguration;
			buildSettings = {
				ALWAYS_EMBED_SWIFT_STANDARD_LIBRARIES = YES;
				CODE_SIGN_STYLE = Automatic;
				CURRENT_PROJECT_VERSION = 1;
				GENERATE_INFOPLIST_FILE = YES;
				MARKETING_VERSION = 1.0;
				PRODUCT_BUNDLE_IDENTIFIER = test.TransactionAppUITests;
				PRODUCT_NAME = "$(TARGET_NAME)";
				SWIFT_EMIT_LOC_STRINGS = NO;
				SWIFT_VERSION = 5.0;
				TARGETED_DEVICE_FAMILY = "1,2";
				TEST_TARGET_NAME = TransactionApp;
			};
			name = Debug;
		};
		B887BFFE2C18159F00187EC0 /* Release */ = {
			isa = XCBuildConfiguration;
			buildSettings = {
				ALWAYS_EMBED_SWIFT_STANDARD_LIBRARIES = YES;
				CODE_SIGN_STYLE = Automatic;
				CURRENT_PROJECT_VERSION = 1;
				GENERATE_INFOPLIST_FILE = YES;
				MARKETING_VERSION = 1.0;
				PRODUCT_BUNDLE_IDENTIFIER = test.TransactionAppUITests;
				PRODUCT_NAME = "$(TARGET_NAME)";
				SWIFT_EMIT_LOC_STRINGS = NO;
				SWIFT_VERSION = 5.0;
				TARGETED_DEVICE_FAMILY = "1,2";
				TEST_TARGET_NAME = TransactionApp;
			};
			name = Release;
		};
/* End XCBuildConfiguration section */

/* Begin XCConfigurationList section */
		B887BFCD2C18159D00187EC0 /* Build configuration list for PBXProject "TransactionApp" */ = {
			isa = XCConfigurationList;
			buildConfigurations = (
				B887BFF42C18159F00187EC0 /* Debug */,
				B887BFF52C18159F00187EC0 /* Release */,
			);
			defaultConfigurationIsVisible = 0;
			defaultConfigurationName = Release;
		};
		B887BFF62C18159F00187EC0 /* Build configuration list for PBXNativeTarget "TransactionApp" */ = {
			isa = XCConfigurationList;
			buildConfigurations = (
				B887BFF72C18159F00187EC0 /* Debug */,
				B887BFF82C18159F00187EC0 /* Release */,
			);
			defaultConfigurationIsVisible = 0;
			defaultConfigurationName = Release;
		};
		B887BFF92C18159F00187EC0 /* Build configuration list for PBXNativeTarget "TransactionAppTests" */ = {
			isa = XCConfigurationList;
			buildConfigurations = (
				B887BFFA2C18159F00187EC0 /* Debug */,
				B887BFFB2C18159F00187EC0 /* Release */,
			);
			defaultConfigurationIsVisible = 0;
			defaultConfigurationName = Release;
		};
		B887BFFC2C18159F00187EC0 /* Build configuration list for PBXNativeTarget "TransactionAppUITests" */ = {
			isa = XCConfigurationList;
			buildConfigurations = (
				B887BFFD2C18159F00187EC0 /* Debug */,
				B887BFFE2C18159F00187EC0 /* Release */,
			);
			defaultConfigurationIsVisible = 0;
			defaultConfigurationName = Release;
		};
/* End XCConfigurationList section */
	};
	rootObject = B887BFCA2C18159D00187EC0 /* Project object */;
}
